
Microsoft Visual Studio Solution File, Format Version 12.00
# Visual Studio Version 17
VisualStudioVersion = 17.10.35004.147
MinimumVisualStudioVersion = 10.0.40219.1
Project("{FAE04EC0-301F-11D3-BF4B-00C04F79EFBC}") = "DllPhobie", "DllPhobie\DllPhobie.csproj", "{F7A677E9-1FA2-427F-8342-7852B49DAD42}"
EndProject
Project("{FAE04EC0-301F-11D3-BF4B-00C04F79EFBC}") = "DonnéesCardiaque", "DonnéesCardiaque\DonnéesCardiaque.csproj", "{161FF512-1191-40CD-8BB3-A1E2BA5F1C96}"
EndProject
Global
	GlobalSection(SolutionConfigurationPlatforms) = preSolution
		Debug|Any CPU = Debug|Any CPU
		Release|Any CPU = Release|Any CPU
	EndGlobalSection
	GlobalSection(ProjectConfigurationPlatforms) = postSolution
		{F7A677E9-1FA2-427F-8342-7852B49DAD42}.Debug|Any CPU.ActiveCfg = Debug|Any CPU
		{F7A677E9-1FA2-427F-8342-7852B49DAD42}.Debug|Any CPU.Build.0 = Debug|Any CPU
		{F7A677E9-1FA2-427F-8342-7852B49DAD42}.Release|Any CPU.ActiveCfg = Release|Any CPU
		{F7A677E9-1FA2-427F-8342-7852B49DAD42}.Release|Any CPU.Build.0 = Release|Any CPU
		{161FF512-1191-40CD-8BB3-A1E2BA5F1C96}.Debug|Any CPU.ActiveCfg = Debug|Any CPU
		{161FF512-1191-40CD-8BB3-A1E2BA5F1C96}.Debug|Any CPU.Build.0 = Debug|Any CPU
		{161FF512-1191-40CD-8BB3-A1E2BA5F1C96}.Release|Any CPU.ActiveCfg = Release|Any CPU
		{161FF512-1191-40CD-8BB3-A1E2BA5F1C96}.Release|Any CPU.Build.0 = Release|Any CPU
	EndGlobalSection
	GlobalSection(SolutionProperties) = preSolution
		HideSolutionNode = FALSE
	EndGlobalSection
	GlobalSection(ExtensibilityGlobals) = postSolution
		SolutionGuid = {1808CFAF-EDEA-40B1-B0AF-E1CDAF62BF3E}
	EndGlobalSection
EndGlobal
